
Microsoft Visual Studio Solution File, Format Version 12.00
# Visual Studio Version 17
VisualStudioVersion = 17.0.31903.59
MinimumVisualStudioVersion = 10.0.40219.1
Project("{2150E333-8FDC-42A3-9474-1A3956D46DE8}") = "src", "src", "{827E0CD3-B72D-47B6-A68D-7590B98EB39B}"
EndProject
Project("{FAE04EC0-301F-11D3-BF4B-00C04F79EFBC}") = "Orchestrator", "src\Orchestrator\Orchestrator.csproj", "{B71334B3-924E-4E9F-A049-568D1C296847}"
EndProject
Project("{FAE04EC0-301F-11D3-BF4B-00C04F79EFBC}") = "McpServer", "src\McpServer\McpServer.csproj", "{1CFCFD67-5865-4C1E-A507-F15888CF831D}"
EndProject
Global
	GlobalSection(SolutionConfigurationPlatforms) = preSolution
		Debug|Any CPU = Debug|Any CPU
		Debug|x64 = Debug|x64
		Debug|x86 = Debug|x86
		Release|Any CPU = Release|Any CPU
		Release|x64 = Release|x64
		Release|x86 = Release|x86
	EndGlobalSection
	GlobalSection(ProjectConfigurationPlatforms) = postSolution
		{B71334B3-924E-4E9F-A049-568D1C296847}.Debug|Any CPU.ActiveCfg = Debug|Any CPU
		{B71334B3-924E-4E9F-A049-568D1C296847}.Debug|Any CPU.Build.0 = Debug|Any CPU
		{B71334B3-924E-4E9F-A049-568D1C296847}.Debug|x64.ActiveCfg = Debug|Any CPU
		{B71334B3-924E-4E9F-A049-568D1C296847}.Debug|x64.Build.0 = Debug|Any CPU
		{B71334B3-924E-4E9F-A049-568D1C296847}.Debug|x86.ActiveCfg = Debug|Any CPU
		{B71334B3-924E-4E9F-A049-568D1C296847}.Debug|x86.Build.0 = Debug|Any CPU
		{B71334B3-924E-4E9F-A049-568D1C296847}.Release|Any CPU.ActiveCfg = Release|Any CPU
		{B71334B3-924E-4E9F-A049-568D1C296847}.Release|Any CPU.Build.0 = Release|Any CPU
		{B71334B3-924E-4E9F-A049-568D1C296847}.Release|x64.ActiveCfg = Release|Any CPU
		{B71334B3-924E-4E9F-A049-568D1C296847}.Release|x64.Build.0 = Release|Any CPU
		{B71334B3-924E-4E9F-A049-568D1C296847}.Release|x86.ActiveCfg = Release|Any CPU
		{B71334B3-924E-4E9F-A049-568D1C296847}.Release|x86.Build.0 = Release|Any CPU
		{1CFCFD67-5865-4C1E-A507-F15888CF831D}.Debug|Any CPU.ActiveCfg = Debug|Any CPU
		{1CFCFD67-5865-4C1E-A507-F15888CF831D}.Debug|Any CPU.Build.0 = Debug|Any CPU
		{1CFCFD67-5865-4C1E-A507-F15888CF831D}.Debug|x64.ActiveCfg = Debug|Any CPU
		{1CFCFD67-5865-4C1E-A507-F15888CF831D}.Debug|x64.Build.0 = Debug|Any CPU
		{1CFCFD67-5865-4C1E-A507-F15888CF831D}.Debug|x86.ActiveCfg = Debug|Any CPU
		{1CFCFD67-5865-4C1E-A507-F15888CF831D}.Debug|x86.Build.0 = Debug|Any CPU
		{1CFCFD67-5865-4C1E-A507-F15888CF831D}.Release|Any CPU.ActiveCfg = Release|Any CPU
		{1CFCFD67-5865-4C1E-A507-F15888CF831D}.Release|Any CPU.Build.0 = Release|Any CPU
		{1CFCFD67-5865-4C1E-A507-F15888CF831D}.Release|x64.ActiveCfg = Release|Any CPU
		{1CFCFD67-5865-4C1E-A507-F15888CF831D}.Release|x64.Build.0 = Release|Any CPU
		{1CFCFD67-5865-4C1E-A507-F15888CF831D}.Release|x86.ActiveCfg = Release|Any CPU
		{1CFCFD67-5865-4C1E-A507-F15888CF831D}.Release|x86.Build.0 = Release|Any CPU
	EndGlobalSection
	GlobalSection(SolutionProperties) = preSolution
		HideSolutionNode = FALSE
	EndGlobalSection
	GlobalSection(NestedProjects) = preSolution
		{B71334B3-924E-4E9F-A049-568D1C296847} = {827E0CD3-B72D-47B6-A68D-7590B98EB39B}
		{1CFCFD67-5865-4C1E-A507-F15888CF831D} = {827E0CD3-B72D-47B6-A68D-7590B98EB39B}
	EndGlobalSection
EndGlobal
